
Microsoft Visual Studio Solution File, Format Version 12.00
# Visual Studio Version 17
VisualStudioVersion = 17.6.33815.320
MinimumVisualStudioVersion = 10.0.40219.1
Project("{FAE04EC0-301F-11D3-BF4B-00C04F79EFBC}") = "FunctionIoT", "FunctionIoT\FunctionIoT.csproj", "{1517C02C-E6E2-4962-A071-D6D05C38611D}"
EndProject
Global
	GlobalSection(SolutionConfigurationPlatforms) = preSolution
		Debug|Any CPU = Debug|Any CPU
		Release|Any CPU = Release|Any CPU
	EndGlobalSection
	GlobalSection(ProjectConfigurationPlatforms) = postSolution
		{1517C02C-E6E2-4962-A071-D6D05C38611D}.Debug|Any CPU.ActiveCfg = Debug|Any CPU
		{1517C02C-E6E2-4962-A071-D6D05C38611D}.Debug|Any CPU.Build.0 = Debug|Any CPU
		{1517C02C-E6E2-4962-A071-D6D05C38611D}.Release|Any CPU.ActiveCfg = Release|Any CPU
		{1517C02C-E6E2-4962-A071-D6D05C38611D}.Release|Any CPU.Build.0 = Release|Any CPU
	EndGlobalSection
	GlobalSection(SolutionProperties) = preSolution
		HideSolutionNode = FALSE
	EndGlobalSection
	GlobalSection(ExtensibilityGlobals) = postSolution
		SolutionGuid = {296EDFF7-52B1-4EAA-AADB-6AB4388B2E68}
	EndGlobalSection
EndGlobal
